
Microsoft Visual Studio Solution File, Format Version 12.00
# Visual Studio Version 16
VisualStudioVersion = 16.0.30907.101
MinimumVisualStudioVersion = 10.0.40219.1
Project("{FAE04EC0-301F-11D3-BF4B-00C04F79EFBC}") = "ClassMetotDemo", "ClassMetotDemo\ClassMetotDemo.csproj", "{FAA64434-B138-40F7-AAC3-05FF2946873F}"
EndProject
Global
	GlobalSection(SolutionConfigurationPlatforms) = preSolution
		Debug|Any CPU = Debug|Any CPU
		Release|Any CPU = Release|Any CPU
	EndGlobalSection
	GlobalSection(ProjectConfigurationPlatforms) = postSolution
		{FAA64434-B138-40F7-AAC3-05FF2946873F}.Debug|Any CPU.ActiveCfg = Debug|Any CPU
		{FAA64434-B138-40F7-AAC3-05FF2946873F}.Debug|Any CPU.Build.0 = Debug|Any CPU
		{FAA64434-B138-40F7-AAC3-05FF2946873F}.Release|Any CPU.ActiveCfg = Release|Any CPU
		{FAA64434-B138-40F7-AAC3-05FF2946873F}.Release|Any CPU.Build.0 = Release|Any CPU
	EndGlobalSection
	GlobalSection(SolutionProperties) = preSolution
		HideSolutionNode = FALSE
	EndGlobalSection
	GlobalSection(ExtensibilityGlobals) = postSolution
		SolutionGuid = {60B3C9DE-9D2D-41DB-BE1F-D3F510DD9472}
	EndGlobalSection
EndGlobal
